
Microsoft Visual Studio Solution File, Format Version 12.00
# Visual Studio Version 16
VisualStudioVersion = 16.0.29519.87
MinimumVisualStudioVersion = 10.0.40219.1
Project("{FAE04EC0-301F-11D3-BF4B-00C04F79EFBC}") = "Lab3", "Lab3\Lab3.csproj", "{DED7C557-0A6F-48FE-B5DF-7347397495E7}"
EndProject
Global
	GlobalSection(SolutionConfigurationPlatforms) = preSolution
		Debug|Any CPU = Debug|Any CPU
		Release|Any CPU = Release|Any CPU
	EndGlobalSection
	GlobalSection(ProjectConfigurationPlatforms) = postSolution
		{DED7C557-0A6F-48FE-B5DF-7347397495E7}.Debug|Any CPU.ActiveCfg = Debug|Any CPU
		{DED7C557-0A6F-48FE-B5DF-7347397495E7}.Debug|Any CPU.Build.0 = Debug|Any CPU
		{DED7C557-0A6F-48FE-B5DF-7347397495E7}.Release|Any CPU.ActiveCfg = Release|Any CPU
		{DED7C557-0A6F-48FE-B5DF-7347397495E7}.Release|Any CPU.Build.0 = Release|Any CPU
	EndGlobalSection
	GlobalSection(SolutionProperties) = preSolution
		HideSolutionNode = FALSE
	EndGlobalSection
	GlobalSection(ExtensibilityGlobals) = postSolution
		SolutionGuid = {5D0F0B79-4BD7-4F4A-A681-65E9E8AA64C2}
	EndGlobalSection
EndGlobal
